// !$*UTF8*$!
{
	archiveVersion = 1;
	classes = {
	};
	objectVersion = 51;
	objects = {

/* Begin PBXBuildFile section */
		187D5EB9BEE84BBE8103ABB5 /* Pods_AKWeatherTests.framework in Frameworks */ = {isa = PBXBuildFile; fileRef = 300B9CFE140AD200F0AAD789 /* Pods_AKWeatherTests.framework */; };
		8414887196EBD205E01B0D47 /* Pods_AKWeather.framework in Frameworks */ = {isa = PBXBuildFile; fileRef = BC9645D41568676C30C6CD7B /* Pods_AKWeather.framework */; };
		C05D187E2475447E00C87907 /* MultipleCitiesInteractor.swift in Sources */ = {isa = PBXBuildFile; fileRef = C05D187D2475447E00C87907 /* MultipleCitiesInteractor.swift */; };
		C05D1880247544A200C87907 /* MultipleCitiesPresenter.swift in Sources */ = {isa = PBXBuildFile; fileRef = C05D187F247544A200C87907 /* MultipleCitiesPresenter.swift */; };
		C05D18832475477200C87907 /* MultipleCitiesViewModel.swift in Sources */ = {isa = PBXBuildFile; fileRef = C05D18822475477200C87907 /* MultipleCitiesViewModel.swift */; };
		C05D188524755FEC00C87907 /* LandingViewModel.swift in Sources */ = {isa = PBXBuildFile; fileRef = C05D188424755FEC00C87907 /* LandingViewModel.swift */; };
		C05D188724755FF400C87907 /* LandingInteractor.swift in Sources */ = {isa = PBXBuildFile; fileRef = C05D188624755FF400C87907 /* LandingInteractor.swift */; };
		C05D188924755FF700C87907 /* LandingPresenter.swift in Sources */ = {isa = PBXBuildFile; fileRef = C05D188824755FF700C87907 /* LandingPresenter.swift */; };
		C05D188C247562AC00C87907 /* String+AKW.swift in Sources */ = {isa = PBXBuildFile; fileRef = C05D188B247562AC00C87907 /* String+AKW.swift */; };
		C05D188E24759F0E00C87907 /* LandingInteractorTests.swift in Sources */ = {isa = PBXBuildFile; fileRef = C05D188D24759F0E00C87907 /* LandingInteractorTests.swift */; };
		C05F843924744F45004AC503 /* AKWeatherTests copy.swift in Sources */ = {isa = PBXBuildFile; fileRef = C05F843824744F45004AC503 /* AKWeatherTests copy.swift */; };
		C0C87D552473706700B0B1DC /* AppDelegate.swift in Sources */ = {isa = PBXBuildFile; fileRef = C0C87D542473706700B0B1DC /* AppDelegate.swift */; };
		C0C87D572473706700B0B1DC /* SceneDelegate.swift in Sources */ = {isa = PBXBuildFile; fileRef = C0C87D562473706700B0B1DC /* SceneDelegate.swift */; };
		C0C87D5E2473706800B0B1DC /* Assets.xcassets in Resources */ = {isa = PBXBuildFile; fileRef = C0C87D5D2473706800B0B1DC /* Assets.xcassets */; };
		C0C87D612473706800B0B1DC /* LaunchScreen.storyboard in Resources */ = {isa = PBXBuildFile; fileRef = C0C87D5F2473706800B0B1DC /* LaunchScreen.storyboard */; };
		C0C87D6C2473706900B0B1DC /* AKCitiesTests.swift in Sources */ = {isa = PBXBuildFile; fileRef = C0C87D6B2473706900B0B1DC /* AKCitiesTests.swift */; };
		C0C87D772473706900B0B1DC /* AKWeatherUITests.swift in Sources */ = {isa = PBXBuildFile; fileRef = C0C87D762473706900B0B1DC /* AKWeatherUITests.swift */; };
		C0C87D8B2473716B00B0B1DC /* Reachability.swift in Sources */ = {isa = PBXBuildFile; fileRef = C0C87D852473716B00B0B1DC /* Reachability.swift */; };
		C0C87D8C2473716B00B0B1DC /* HttpClient.swift in Sources */ = {isa = PBXBuildFile; fileRef = C0C87D862473716B00B0B1DC /* HttpClient.swift */; };
		C0C87D8E2473716B00B0B1DC /* MockURLSessionDataTask.swift in Sources */ = {isa = PBXBuildFile; fileRef = C0C87D892473716B00B0B1DC /* MockURLSessionDataTask.swift */; };
		C0C87D8F2473716B00B0B1DC /* MockSession.swift in Sources */ = {isa = PBXBuildFile; fileRef = C0C87D8A2473716B00B0B1DC /* MockSession.swift */; };
		C0C87DA22473718700B0B1DC /* LandingViewController.swift in Sources */ = {isa = PBXBuildFile; fileRef = C0C87D922473718700B0B1DC /* LandingViewController.swift */; };
		C0C87DA32473718700B0B1DC /* MultipleCities.swift in Sources */ = {isa = PBXBuildFile; fileRef = C0C87D942473718700B0B1DC /* MultipleCities.swift */; };
		C0C87DA42473718700B0B1DC /* MultipleCitiesWorker.swift in Sources */ = {isa = PBXBuildFile; fileRef = C0C87D952473718700B0B1DC /* MultipleCitiesWorker.swift */; };
		C0C87DA52473718700B0B1DC /* MultipleCitiesVC.swift in Sources */ = {isa = PBXBuildFile; fileRef = C0C87D962473718700B0B1DC /* MultipleCitiesVC.swift */; };
		C0C87DA62473718700B0B1DC /* WeatherTableViewCell.swift in Sources */ = {isa = PBXBuildFile; fileRef = C0C87D972473718700B0B1DC /* WeatherTableViewCell.swift */; };
		C0C87DA72473718700B0B1DC /* ForecastInteractor.swift in Sources */ = {isa = PBXBuildFile; fileRef = C0C87D992473718700B0B1DC /* ForecastInteractor.swift */; };
		C0C87DA82473718700B0B1DC /* ForecastWorker.swift in Sources */ = {isa = PBXBuildFile; fileRef = C0C87D9A2473718700B0B1DC /* ForecastWorker.swift */; };
		C0C87DA92473718700B0B1DC /* FiveDayForecastVC.swift in Sources */ = {isa = PBXBuildFile; fileRef = C0C87D9B2473718700B0B1DC /* FiveDayForecastVC.swift */; };
		C0C87DAA2473718700B0B1DC /* ForecastPresenter.swift in Sources */ = {isa = PBXBuildFile; fileRef = C0C87D9C2473718700B0B1DC /* ForecastPresenter.swift */; };
		C0C87DAB2473718700B0B1DC /* ForecastViewModel.swift in Sources */ = {isa = PBXBuildFile; fileRef = C0C87D9D2473718700B0B1DC /* ForecastViewModel.swift */; };
		C0C87DAC2473718700B0B1DC /* ForecastTopCell.swift in Sources */ = {isa = PBXBuildFile; fileRef = C0C87D9E2473718700B0B1DC /* ForecastTopCell.swift */; };
		C0C87DAD2473718700B0B1DC /* HeaderCollectionViewCell.swift in Sources */ = {isa = PBXBuildFile; fileRef = C0C87D9F2473718700B0B1DC /* HeaderCollectionViewCell.swift */; };
		C0C87DAE2473718700B0B1DC /* WeatherForecast.swift in Sources */ = {isa = PBXBuildFile; fileRef = C0C87DA02473718700B0B1DC /* WeatherForecast.swift */; };
		C0C87DAF2473718700B0B1DC /* HeaderTableViewCell.swift in Sources */ = {isa = PBXBuildFile; fileRef = C0C87DA12473718700B0B1DC /* HeaderTableViewCell.swift */; };
		C0C87DB5247376FA00B0B1DC /* Main.storyboard in Resources */ = {isa = PBXBuildFile; fileRef = C0C87DB4247376FA00B0B1DC /* Main.storyboard */; };
		C0C87DB72473F83C00B0B1DC /* city.list.json in Resources */ = {isa = PBXBuildFile; fileRef = C0C87DB62473F83C00B0B1DC /* city.list.json */; };
		CBF861E1750AA857E6039538 /* Pods_AKWeather_AKWeatherUITests.framework in Frameworks */ = {isa = PBXBuildFile; fileRef = D234ED767FF1ADB123A7621D /* Pods_AKWeather_AKWeatherUITests.framework */; };
/* End PBXBuildFile section */

/* Begin PBXContainerItemProxy section */
		C0C87D682473706900B0B1DC /* PBXContainerItemProxy */ = {
			isa = PBXContainerItemProxy;
			containerPortal = C0C87D492473706700B0B1DC /* Project object */;
			proxyType = 1;
			remoteGlobalIDString = C0C87D502473706700B0B1DC;
			remoteInfo = AKWeather;
		};
		C0C87D732473706900B0B1DC /* PBXContainerItemProxy */ = {
			isa = PBXContainerItemProxy;
			containerPortal = C0C87D492473706700B0B1DC /* Project object */;
			proxyType = 1;
			remoteGlobalIDString = C0C87D502473706700B0B1DC;
			remoteInfo = AKWeather;
		};
/* End PBXContainerItemProxy section */

/* Begin PBXFileReference section */
		0B239905349654AD8F63C0D0 /* Pods-AKWeather-AKWeatherUITests.release.xcconfig */ = {isa = PBXFileReference; includeInIndex = 1; lastKnownFileType = text.xcconfig; name = "Pods-AKWeather-AKWeatherUITests.release.xcconfig"; path = "Target Support Files/Pods-AKWeather-AKWeatherUITests/Pods-AKWeather-AKWeatherUITests.release.xcconfig"; sourceTree = "<group>"; };
		17DD8707866C4F436286F058 /* Pods-AKWeather.debug.xcconfig */ = {isa = PBXFileReference; includeInIndex = 1; lastKnownFileType = text.xcconfig; name = "Pods-AKWeather.debug.xcconfig"; path = "Target Support Files/Pods-AKWeather/Pods-AKWeather.debug.xcconfig"; sourceTree = "<group>"; };
		300B9CFE140AD200F0AAD789 /* Pods_AKWeatherTests.framework */ = {isa = PBXFileReference; explicitFileType = wrapper.framework; includeInIndex = 0; path = Pods_AKWeatherTests.framework; sourceTree = BUILT_PRODUCTS_DIR; };
		6F6E40FB527546D6498E7A39 /* Pods-AKWeather-AKWeatherUITests.debug.xcconfig */ = {isa = PBXFileReference; includeInIndex = 1; lastKnownFileType = text.xcconfig; name = "Pods-AKWeather-AKWeatherUITests.debug.xcconfig"; path = "Target Support Files/Pods-AKWeather-AKWeatherUITests/Pods-AKWeather-AKWeatherUITests.debug.xcconfig"; sourceTree = "<group>"; };
		7019B7E7FB8F66BDCCB05F0D /* Pods-AKWeatherTests.release.xcconfig */ = {isa = PBXFileReference; includeInIndex = 1; lastKnownFileType = text.xcconfig; name = "Pods-AKWeatherTests.release.xcconfig"; path = "Target Support Files/Pods-AKWeatherTests/Pods-AKWeatherTests.release.xcconfig"; sourceTree = "<group>"; };
		B5E7EEAD1C1358BE11D13385 /* Pods-AKWeather.release.xcconfig */ = {isa = PBXFileReference; includeInIndex = 1; lastKnownFileType = text.xcconfig; name = "Pods-AKWeather.release.xcconfig"; path = "Target Support Files/Pods-AKWeather/Pods-AKWeather.release.xcconfig"; sourceTree = "<group>"; };
		BAD303D846BAEBACC45E42BF /* Pods-AKWeatherTests.debug.xcconfig */ = {isa = PBXFileReference; includeInIndex = 1; lastKnownFileType = text.xcconfig; name = "Pods-AKWeatherTests.debug.xcconfig"; path = "Target Support Files/Pods-AKWeatherTests/Pods-AKWeatherTests.debug.xcconfig"; sourceTree = "<group>"; };
		BC9645D41568676C30C6CD7B /* Pods_AKWeather.framework */ = {isa = PBXFileReference; explicitFileType = wrapper.framework; includeInIndex = 0; path = Pods_AKWeather.framework; sourceTree = BUILT_PRODUCTS_DIR; };
		C05D187D2475447E00C87907 /* MultipleCitiesInteractor.swift */ = {isa = PBXFileReference; lastKnownFileType = sourcecode.swift; path = MultipleCitiesInteractor.swift; sourceTree = "<group>"; };
		C05D187F247544A200C87907 /* MultipleCitiesPresenter.swift */ = {isa = PBXFileReference; lastKnownFileType = sourcecode.swift; path = MultipleCitiesPresenter.swift; sourceTree = "<group>"; };
		C05D18822475477200C87907 /* MultipleCitiesViewModel.swift */ = {isa = PBXFileReference; lastKnownFileType = sourcecode.swift; path = MultipleCitiesViewModel.swift; sourceTree = "<group>"; };
		C05D188424755FEC00C87907 /* LandingViewModel.swift */ = {isa = PBXFileReference; lastKnownFileType = sourcecode.swift; path = LandingViewModel.swift; sourceTree = "<group>"; };
		C05D188624755FF400C87907 /* LandingInteractor.swift */ = {isa = PBXFileReference; lastKnownFileType = sourcecode.swift; path = LandingInteractor.swift; sourceTree = "<group>"; };
		C05D188824755FF700C87907 /* LandingPresenter.swift */ = {isa = PBXFileReference; lastKnownFileType = sourcecode.swift; path = LandingPresenter.swift; sourceTree = "<group>"; };
		C05D188B247562AC00C87907 /* String+AKW.swift */ = {isa = PBXFileReference; lastKnownFileType = sourcecode.swift; path = "String+AKW.swift"; sourceTree = "<group>"; };
		C05D188D24759F0E00C87907 /* LandingInteractorTests.swift */ = {isa = PBXFileReference; lastKnownFileType = sourcecode.swift; path = LandingInteractorTests.swift; sourceTree = "<group>"; };
		C05F843824744F45004AC503 /* AKWeatherTests copy.swift */ = {isa = PBXFileReference; lastKnownFileType = sourcecode.swift; path = "AKWeatherTests copy.swift"; sourceTree = "<group>"; };
		C0C87D512473706700B0B1DC /* AKWeather.app */ = {isa = PBXFileReference; explicitFileType = wrapper.application; includeInIndex = 0; path = AKWeather.app; sourceTree = BUILT_PRODUCTS_DIR; };
		C0C87D542473706700B0B1DC /* AppDelegate.swift */ = {isa = PBXFileReference; lastKnownFileType = sourcecode.swift; path = AppDelegate.swift; sourceTree = "<group>"; };
		C0C87D562473706700B0B1DC /* SceneDelegate.swift */ = {isa = PBXFileReference; lastKnownFileType = sourcecode.swift; path = SceneDelegate.swift; sourceTree = "<group>"; };
		C0C87D5D2473706800B0B1DC /* Assets.xcassets */ = {isa = PBXFileReference; lastKnownFileType = folder.assetcatalog; path = Assets.xcassets; sourceTree = "<group>"; };
		C0C87D602473706800B0B1DC /* Base */ = {isa = PBXFileReference; lastKnownFileType = file.storyboard; name = Base; path = Base.lproj/LaunchScreen.storyboard; sourceTree = "<group>"; };
		C0C87D622473706800B0B1DC /* Info.plist */ = {isa = PBXFileReference; lastKnownFileType = text.plist.xml; path = Info.plist; sourceTree = "<group>"; };
		C0C87D672473706900B0B1DC /* AKWeatherTests.xctest */ = {isa = PBXFileReference; explicitFileType = wrapper.cfbundle; includeInIndex = 0; path = AKWeatherTests.xctest; sourceTree = BUILT_PRODUCTS_DIR; };
		C0C87D6B2473706900B0B1DC /* AKCitiesTests.swift */ = {isa = PBXFileReference; lastKnownFileType = sourcecode.swift; path = AKCitiesTests.swift; sourceTree = "<group>"; };
		C0C87D6D2473706900B0B1DC /* Info.plist */ = {isa = PBXFileReference; lastKnownFileType = text.plist.xml; path = Info.plist; sourceTree = "<group>"; };
		C0C87D722473706900B0B1DC /* AKWeatherUITests.xctest */ = {isa = PBXFileReference; explicitFileType = wrapper.cfbundle; includeInIndex = 0; path = AKWeatherUITests.xctest; sourceTree = BUILT_PRODUCTS_DIR; };
		C0C87D762473706900B0B1DC /* AKWeatherUITests.swift */ = {isa = PBXFileReference; lastKnownFileType = sourcecode.swift; path = AKWeatherUITests.swift; sourceTree = "<group>"; };
		C0C87D782473706900B0B1DC /* Info.plist */ = {isa = PBXFileReference; lastKnownFileType = text.plist.xml; path = Info.plist; sourceTree = "<group>"; };
		C0C87D852473716B00B0B1DC /* Reachability.swift */ = {isa = PBXFileReference; fileEncoding = 4; lastKnownFileType = sourcecode.swift; path = Reachability.swift; sourceTree = "<group>"; };
		C0C87D862473716B00B0B1DC /* HttpClient.swift */ = {isa = PBXFileReference; fileEncoding = 4; lastKnownFileType = sourcecode.swift; path = HttpClient.swift; sourceTree = "<group>"; };
		C0C87D892473716B00B0B1DC /* MockURLSessionDataTask.swift */ = {isa = PBXFileReference; fileEncoding = 4; lastKnownFileType = sourcecode.swift; path = MockURLSessionDataTask.swift; sourceTree = "<group>"; };
		C0C87D8A2473716B00B0B1DC /* MockSession.swift */ = {isa = PBXFileReference; fileEncoding = 4; lastKnownFileType = sourcecode.swift; path = MockSession.swift; sourceTree = "<group>"; };
		C0C87D922473718700B0B1DC /* LandingViewController.swift */ = {isa = PBXFileReference; fileEncoding = 4; lastKnownFileType = sourcecode.swift; path = LandingViewController.swift; sourceTree = "<group>"; };
		C0C87D942473718700B0B1DC /* MultipleCities.swift */ = {isa = PBXFileReference; fileEncoding = 4; lastKnownFileType = sourcecode.swift; path = MultipleCities.swift; sourceTree = "<group>"; };
		C0C87D952473718700B0B1DC /* MultipleCitiesWorker.swift */ = {isa = PBXFileReference; fileEncoding = 4; lastKnownFileType = sourcecode.swift; path = MultipleCitiesWorker.swift; sourceTree = "<group>"; };
		C0C87D962473718700B0B1DC /* MultipleCitiesVC.swift */ = {isa = PBXFileReference; fileEncoding = 4; lastKnownFileType = sourcecode.swift; path = MultipleCitiesVC.swift; sourceTree = "<group>"; };
		C0C87D972473718700B0B1DC /* WeatherTableViewCell.swift */ = {isa = PBXFileReference; fileEncoding = 4; lastKnownFileType = sourcecode.swift; path = WeatherTableViewCell.swift; sourceTree = "<group>"; };
		C0C87D992473718700B0B1DC /* ForecastInteractor.swift */ = {isa = PBXFileReference; fileEncoding = 4; lastKnownFileType = sourcecode.swift; path = ForecastInteractor.swift; sourceTree = "<group>"; };
		C0C87D9A2473718700B0B1DC /* ForecastWorker.swift */ = {isa = PBXFileReference; fileEncoding = 4; lastKnownFileType = sourcecode.swift; path = ForecastWorker.swift; sourceTree = "<group>"; };
		C0C87D9B2473718700B0B1DC /* FiveDayForecastVC.swift */ = {isa = PBXFileReference; fileEncoding = 4; lastKnownFileType = sourcecode.swift; path = FiveDayForecastVC.swift; sourceTree = "<group>"; };
		C0C87D9C2473718700B0B1DC /* ForecastPresenter.swift */ = {isa = PBXFileReference; fileEncoding = 4; lastKnownFileType = sourcecode.swift; path = ForecastPresenter.swift; sourceTree = "<group>"; };
		C0C87D9D2473718700B0B1DC /* ForecastViewModel.swift */ = {isa = PBXFileReference; fileEncoding = 4; lastKnownFileType = sourcecode.swift; path = ForecastViewModel.swift; sourceTree = "<group>"; };
		C0C87D9E2473718700B0B1DC /* ForecastTopCell.swift */ = {isa = PBXFileReference; fileEncoding = 4; lastKnownFileType = sourcecode.swift; path = ForecastTopCell.swift; sourceTree = "<group>"; };
		C0C87D9F2473718700B0B1DC /* HeaderCollectionViewCell.swift */ = {isa = PBXFileReference; fileEncoding = 4; lastKnownFileType = sourcecode.swift; path = HeaderCollectionViewCell.swift; sourceTree = "<group>"; };
		C0C87DA02473718700B0B1DC /* WeatherForecast.swift */ = {isa = PBXFileReference; fileEncoding = 4; lastKnownFileType = sourcecode.swift; path = WeatherForecast.swift; sourceTree = "<group>"; };
		C0C87DA12473718700B0B1DC /* HeaderTableViewCell.swift */ = {isa = PBXFileReference; fileEncoding = 4; lastKnownFileType = sourcecode.swift; path = HeaderTableViewCell.swift; sourceTree = "<group>"; };
		C0C87DB4247376FA00B0B1DC /* Main.storyboard */ = {isa = PBXFileReference; fileEncoding = 4; lastKnownFileType = file.storyboard; path = Main.storyboard; sourceTree = "<group>"; };
		C0C87DB62473F83C00B0B1DC /* city.list.json */ = {isa = PBXFileReference; fileEncoding = 4; lastKnownFileType = text.json; path = city.list.json; sourceTree = "<group>"; };
		D234ED767FF1ADB123A7621D /* Pods_AKWeather_AKWeatherUITests.framework */ = {isa = PBXFileReference; explicitFileType = wrapper.framework; includeInIndex = 0; path = Pods_AKWeather_AKWeatherUITests.framework; sourceTree = BUILT_PRODUCTS_DIR; };
/* End PBXFileReference section */

/* Begin PBXFrameworksBuildPhase section */
		C0C87D4E2473706700B0B1DC /* Frameworks */ = {
			isa = PBXFrameworksBuildPhase;
			buildActionMask = 2147483647;
			files = (
				8414887196EBD205E01B0D47 /* Pods_AKWeather.framework in Frameworks */,
			);
			runOnlyForDeploymentPostprocessing = 0;
		};
		C0C87D642473706900B0B1DC /* Frameworks */ = {
			isa = PBXFrameworksBuildPhase;
			buildActionMask = 2147483647;
			files = (
				187D5EB9BEE84BBE8103ABB5 /* Pods_AKWeatherTests.framework in Frameworks */,
			);
			runOnlyForDeploymentPostprocessing = 0;
		};
		C0C87D6F2473706900B0B1DC /* Frameworks */ = {
			isa = PBXFrameworksBuildPhase;
			buildActionMask = 2147483647;
			files = (
				CBF861E1750AA857E6039538 /* Pods_AKWeather_AKWeatherUITests.framework in Frameworks */,
			);
			runOnlyForDeploymentPostprocessing = 0;
		};
/* End PBXFrameworksBuildPhase section */

/* Begin PBXGroup section */
		30226E1B3AD665B13CC37C94 /* Pods */ = {
			isa = PBXGroup;
			children = (
				17DD8707866C4F436286F058 /* Pods-AKWeather.debug.xcconfig */,
				B5E7EEAD1C1358BE11D13385 /* Pods-AKWeather.release.xcconfig */,
				6F6E40FB527546D6498E7A39 /* Pods-AKWeather-AKWeatherUITests.debug.xcconfig */,
				0B239905349654AD8F63C0D0 /* Pods-AKWeather-AKWeatherUITests.release.xcconfig */,
				BAD303D846BAEBACC45E42BF /* Pods-AKWeatherTests.debug.xcconfig */,
				7019B7E7FB8F66BDCCB05F0D /* Pods-AKWeatherTests.release.xcconfig */,
			);
			path = Pods;
			sourceTree = "<group>";
		};
		9FD38CB779C66AD139B9917C /* Frameworks */ = {
			isa = PBXGroup;
			children = (
				BC9645D41568676C30C6CD7B /* Pods_AKWeather.framework */,
				D234ED767FF1ADB123A7621D /* Pods_AKWeather_AKWeatherUITests.framework */,
				300B9CFE140AD200F0AAD789 /* Pods_AKWeatherTests.framework */,
			);
			name = Frameworks;
			sourceTree = "<group>";
		};
		C023E23424740D9E00AAE51D /* Cells */ = {
			isa = PBXGroup;
			children = (
				C0C87D9F2473718700B0B1DC /* HeaderCollectionViewCell.swift */,
				C0C87D9E2473718700B0B1DC /* ForecastTopCell.swift */,
				C0C87DA12473718700B0B1DC /* HeaderTableViewCell.swift */,
			);
			path = Cells;
			sourceTree = "<group>";
		};
		C023E23524740DC300AAE51D /* Scene */ = {
			isa = PBXGroup;
			children = (
				C0C87D9A2473718700B0B1DC /* ForecastWorker.swift */,
				C0C87D9D2473718700B0B1DC /* ForecastViewModel.swift */,
				C0C87D9B2473718700B0B1DC /* FiveDayForecastVC.swift */,
				C0C87D992473718700B0B1DC /* ForecastInteractor.swift */,
				C0C87D9C2473718700B0B1DC /* ForecastPresenter.swift */,
			);
			path = Scene;
			sourceTree = "<group>";
		};
		C05D187B247543B500C87907 /* Scene */ = {
			isa = PBXGroup;
			children = (
				C05D18822475477200C87907 /* MultipleCitiesViewModel.swift */,
				C0C87D962473718700B0B1DC /* MultipleCitiesVC.swift */,
				C0C87D952473718700B0B1DC /* MultipleCitiesWorker.swift */,
				C05D187D2475447E00C87907 /* MultipleCitiesInteractor.swift */,
				C05D187F247544A200C87907 /* MultipleCitiesPresenter.swift */,
			);
			path = Scene;
			sourceTree = "<group>";
		};
		C05D187C247543D600C87907 /* Cells */ = {
			isa = PBXGroup;
			children = (
				C0C87D972473718700B0B1DC /* WeatherTableViewCell.swift */,
			);
			path = Cells;
			sourceTree = "<group>";
		};
		C05D18812475475F00C87907 /* Entities */ = {
			isa = PBXGroup;
			children = (
				C0C87D942473718700B0B1DC /* MultipleCities.swift */,
			);
			path = Entities;
			sourceTree = "<group>";
		};
		C05D188A2475628700C87907 /* Extensions */ = {
			isa = PBXGroup;
			children = (
				C05D188B247562AC00C87907 /* String+AKW.swift */,
			);
			path = Extensions;
			sourceTree = "<group>";
		};
		C05F843524743AA4004AC503 /* Entities */ = {
			isa = PBXGroup;
			children = (
				C0C87DA02473718700B0B1DC /* WeatherForecast.swift */,
			);
			path = Entities;
			sourceTree = "<group>";
		};
		C0C87D482473706700B0B1DC = {
			isa = PBXGroup;
			children = (
				C0C87D532473706700B0B1DC /* AKWeather */,
				C0C87D6A2473706900B0B1DC /* AKWeatherTests */,
				C0C87D752473706900B0B1DC /* AKWeatherUITests */,
				C0C87D522473706700B0B1DC /* Products */,
				30226E1B3AD665B13CC37C94 /* Pods */,
				9FD38CB779C66AD139B9917C /* Frameworks */,
			);
			sourceTree = "<group>";
		};
		C0C87D522473706700B0B1DC /* Products */ = {
			isa = PBXGroup;
			children = (
				C0C87D512473706700B0B1DC /* AKWeather.app */,
				C0C87D672473706900B0B1DC /* AKWeatherTests.xctest */,
				C0C87D722473706900B0B1DC /* AKWeatherUITests.xctest */,
			);
			name = Products;
			sourceTree = "<group>";
		};
		C0C87D532473706700B0B1DC /* AKWeather */ = {
			isa = PBXGroup;
			children = (
				C05D188A2475628700C87907 /* Extensions */,
				C0C87DB2247371D100B0B1DC /* Supporting Resources */,
				C0C87D842473716B00B0B1DC /* ServerCommunication */,
				C0C87D902473718700B0B1DC /* Scenes */,
				C0C87D5D2473706800B0B1DC /* Assets.xcassets */,
				C0C87D5F2473706800B0B1DC /* LaunchScreen.storyboard */,
				C0C87DB4247376FA00B0B1DC /* Main.storyboard */,
				C0C87D622473706800B0B1DC /* Info.plist */,
			);
			path = AKWeather;
			sourceTree = "<group>";
		};
		C0C87D6A2473706900B0B1DC /* AKWeatherTests */ = {
			isa = PBXGroup;
			children = (
				C05D188D24759F0E00C87907 /* LandingInteractorTests.swift */,
				C0C87D6B2473706900B0B1DC /* AKCitiesTests.swift */,
				C05F843824744F45004AC503 /* AKWeatherTests copy.swift */,
				C0C87D6D2473706900B0B1DC /* Info.plist */,
			);
			path = AKWeatherTests;
			sourceTree = "<group>";
		};
		C0C87D752473706900B0B1DC /* AKWeatherUITests */ = {
			isa = PBXGroup;
			children = (
				C0C87D762473706900B0B1DC /* AKWeatherUITests.swift */,
				C0C87D782473706900B0B1DC /* Info.plist */,
			);
			path = AKWeatherUITests;
			sourceTree = "<group>";
		};
		C0C87D842473716B00B0B1DC /* ServerCommunication */ = {
			isa = PBXGroup;
			children = (
				C0C87D852473716B00B0B1DC /* Reachability.swift */,
				C0C87D862473716B00B0B1DC /* HttpClient.swift */,
				C0C87D882473716B00B0B1DC /* MockClient */,
			);
			path = ServerCommunication;
			sourceTree = "<group>";
		};
		C0C87D882473716B00B0B1DC /* MockClient */ = {
			isa = PBXGroup;
			children = (
				C0C87D892473716B00B0B1DC /* MockURLSessionDataTask.swift */,
				C0C87D8A2473716B00B0B1DC /* MockSession.swift */,
			);
			path = MockClient;
			sourceTree = "<group>";
		};
		C0C87D902473718700B0B1DC /* Scenes */ = {
			isa = PBXGroup;
			children = (
				C0C87D912473718700B0B1DC /* LandingScene */,
				C0C87D932473718700B0B1DC /* CitiesWeatherScene */,
				C0C87D982473718700B0B1DC /* LocalWeatherScene */,
			);
			path = Scenes;
			sourceTree = "<group>";
		};
		C0C87D912473718700B0B1DC /* LandingScene */ = {
			isa = PBXGroup;
			children = (
				C05D188424755FEC00C87907 /* LandingViewModel.swift */,
				C0C87D922473718700B0B1DC /* LandingViewController.swift */,
				C05D188624755FF400C87907 /* LandingInteractor.swift */,
				C05D188824755FF700C87907 /* LandingPresenter.swift */,
			);
			path = LandingScene;
			sourceTree = "<group>";
		};
		C0C87D932473718700B0B1DC /* CitiesWeatherScene */ = {
			isa = PBXGroup;
			children = (
				C05D18812475475F00C87907 /* Entities */,
				C05D187C247543D600C87907 /* Cells */,
				C05D187B247543B500C87907 /* Scene */,
			);
			path = CitiesWeatherScene;
			sourceTree = "<group>";
		};
		C0C87D982473718700B0B1DC /* LocalWeatherScene */ = {
			isa = PBXGroup;
			children = (
				C05F843524743AA4004AC503 /* Entities */,
				C023E23524740DC300AAE51D /* Scene */,
				C023E23424740D9E00AAE51D /* Cells */,
			);
			path = LocalWeatherScene;
			sourceTree = "<group>";
		};
		C0C87DB2247371D100B0B1DC /* Supporting Resources */ = {
			isa = PBXGroup;
			children = (
				C0C87D562473706700B0B1DC /* SceneDelegate.swift */,
				C0C87D542473706700B0B1DC /* AppDelegate.swift */,
				C0C87DB62473F83C00B0B1DC /* city.list.json */,
			);
			path = "Supporting Resources";
			sourceTree = "<group>";
		};
/* End PBXGroup section */

/* Begin PBXNativeTarget section */
		C0C87D502473706700B0B1DC /* AKWeather */ = {
			isa = PBXNativeTarget;
			buildConfigurationList = C0C87D7B2473706900B0B1DC /* Build configuration list for PBXNativeTarget "AKWeather" */;
			buildPhases = (
				5E0BFE9BF3F8BA469FC19844 /* [CP] Check Pods Manifest.lock */,
				C0C87D4D2473706700B0B1DC /* Sources */,
				C0C87D4E2473706700B0B1DC /* Frameworks */,
				C0C87D4F2473706700B0B1DC /* Resources */,
				BAF4D59CA8DFCC68A3A3010D /* [CP] Embed Pods Frameworks */,
			);
			buildRules = (
			);
			dependencies = (
			);
			name = AKWeather;
			productName = AKWeather;
			productReference = C0C87D512473706700B0B1DC /* AKWeather.app */;
			productType = "com.apple.product-type.application";
		};
		C0C87D662473706900B0B1DC /* AKWeatherTests */ = {
			isa = PBXNativeTarget;
			buildConfigurationList = C0C87D7E2473706900B0B1DC /* Build configuration list for PBXNativeTarget "AKWeatherTests" */;
			buildPhases = (
				ACB500E1D06694E837F24811 /* [CP] Check Pods Manifest.lock */,
				C0C87D632473706900B0B1DC /* Sources */,
				C0C87D642473706900B0B1DC /* Frameworks */,
				C0C87D652473706900B0B1DC /* Resources */,
			);
			buildRules = (
			);
			dependencies = (
				C0C87D692473706900B0B1DC /* PBXTargetDependency */,
			);
			name = AKWeatherTests;
			productName = AKWeatherTests;
			productReference = C0C87D672473706900B0B1DC /* AKWeatherTests.xctest */;
			productType = "com.apple.product-type.bundle.unit-test";
		};
		C0C87D712473706900B0B1DC /* AKWeatherUITests */ = {
			isa = PBXNativeTarget;
			buildConfigurationList = C0C87D812473706900B0B1DC /* Build configuration list for PBXNativeTarget "AKWeatherUITests" */;
			buildPhases = (
				30D06A74220BC8574742C8EE /* [CP] Check Pods Manifest.lock */,
				C0C87D6E2473706900B0B1DC /* Sources */,
				C0C87D6F2473706900B0B1DC /* Frameworks */,
				C0C87D702473706900B0B1DC /* Resources */,
				B68DCF1859EFF6BD1D2FAA23 /* [CP] Embed Pods Frameworks */,
			);
			buildRules = (
			);
			dependencies = (
				C0C87D742473706900B0B1DC /* PBXTargetDependency */,
			);
			name = AKWeatherUITests;
			productName = AKWeatherUITests;
			productReference = C0C87D722473706900B0B1DC /* AKWeatherUITests.xctest */;
			productType = "com.apple.product-type.bundle.ui-testing";
		};
/* End PBXNativeTarget section */

/* Begin PBXProject section */
		C0C87D492473706700B0B1DC /* Project object */ = {
			isa = PBXProject;
			attributes = {
				LastSwiftUpdateCheck = 1140;
				LastUpgradeCheck = 1140;
				ORGANIZATIONNAME = "Atif Khan";
				TargetAttributes = {
					C0C87D502473706700B0B1DC = {
						CreatedOnToolsVersion = 11.4.1;
					};
					C0C87D662473706900B0B1DC = {
						CreatedOnToolsVersion = 11.4.1;
						TestTargetID = C0C87D502473706700B0B1DC;
					};
					C0C87D712473706900B0B1DC = {
						CreatedOnToolsVersion = 11.4.1;
						TestTargetID = C0C87D502473706700B0B1DC;
					};
				};
			};
			buildConfigurationList = C0C87D4C2473706700B0B1DC /* Build configuration list for PBXProject "AKWeather" */;
			compatibilityVersion = "Xcode 9.3";
			developmentRegion = en;
			hasScannedForEncodings = 0;
			knownRegions = (
				en,
				Base,
			);
			mainGroup = C0C87D482473706700B0B1DC;
			productRefGroup = C0C87D522473706700B0B1DC /* Products */;
			projectDirPath = "";
			projectRoot = "";
			targets = (
				C0C87D502473706700B0B1DC /* AKWeather */,
				C0C87D662473706900B0B1DC /* AKWeatherTests */,
				C0C87D712473706900B0B1DC /* AKWeatherUITests */,
			);
		};
/* End PBXProject section */

/* Begin PBXResourcesBuildPhase section */
		C0C87D4F2473706700B0B1DC /* Resources */ = {
			isa = PBXResourcesBuildPhase;
			buildActionMask = 2147483647;
			files = (
				C0C87D612473706800B0B1DC /* LaunchScreen.storyboard in Resources */,
				C0C87DB72473F83C00B0B1DC /* city.list.json in Resources */,
				C0C87D5E2473706800B0B1DC /* Assets.xcassets in Resources */,
				C0C87DB5247376FA00B0B1DC /* Main.storyboard in Resources */,
			);
			runOnlyForDeploymentPostprocessing = 0;
		};
		C0C87D652473706900B0B1DC /* Resources */ = {
			isa = PBXResourcesBuildPhase;
			buildActionMask = 2147483647;
			files = (
			);
			runOnlyForDeploymentPostprocessing = 0;
		};
		C0C87D702473706900B0B1DC /* Resources */ = {
			isa = PBXResourcesBuildPhase;
			buildActionMask = 2147483647;
			files = (
			);
			runOnlyForDeploymentPostprocessing = 0;
		};
/* End PBXResourcesBuildPhase section */

/* Begin PBXShellScriptBuildPhase section */
		30D06A74220BC8574742C8EE /* [CP] Check Pods Manifest.lock */ = {
			isa = PBXShellScriptBuildPhase;
			buildActionMask = 2147483647;
			files = (
			);
			inputFileListPaths = (
			);
			inputPaths = (
				"${PODS_PODFILE_DIR_PATH}/Podfile.lock",
				"${PODS_ROOT}/Manifest.lock",
			);
			name = "[CP] Check Pods Manifest.lock";
			outputFileListPaths = (
			);
			outputPaths = (
				"$(DERIVED_FILE_DIR)/Pods-AKWeather-AKWeatherUITests-checkManifestLockResult.txt",
			);
			runOnlyForDeploymentPostprocessing = 0;
			shellPath = /bin/sh;
			shellScript = "diff \"${PODS_PODFILE_DIR_PATH}/Podfile.lock\" \"${PODS_ROOT}/Manifest.lock\" > /dev/null\nif [ $? != 0 ] ; then\n    # print error to STDERR\n    echo \"error: The sandbox is not in sync with the Podfile.lock. Run 'pod install' or update your CocoaPods installation.\" >&2\n    exit 1\nfi\n# This output is used by Xcode 'outputs' to avoid re-running this script phase.\necho \"SUCCESS\" > \"${SCRIPT_OUTPUT_FILE_0}\"\n";
			showEnvVarsInLog = 0;
		};
		5E0BFE9BF3F8BA469FC19844 /* [CP] Check Pods Manifest.lock */ = {
			isa = PBXShellScriptBuildPhase;
			buildActionMask = 2147483647;
			files = (
			);
			inputFileListPaths = (
			);
			inputPaths = (
				"${PODS_PODFILE_DIR_PATH}/Podfile.lock",
				"${PODS_ROOT}/Manifest.lock",
			);
			name = "[CP] Check Pods Manifest.lock";
			outputFileListPaths = (
			);
			outputPaths = (
				"$(DERIVED_FILE_DIR)/Pods-AKWeather-checkManifestLockResult.txt",
			);
			runOnlyForDeploymentPostprocessing = 0;
			shellPath = /bin/sh;
			shellScript = "diff \"${PODS_PODFILE_DIR_PATH}/Podfile.lock\" \"${PODS_ROOT}/Manifest.lock\" > /dev/null\nif [ $? != 0 ] ; then\n    # print error to STDERR\n    echo \"error: The sandbox is not in sync with the Podfile.lock. Run 'pod install' or update your CocoaPods installation.\" >&2\n    exit 1\nfi\n# This output is used by Xcode 'outputs' to avoid re-running this script phase.\necho \"SUCCESS\" > \"${SCRIPT_OUTPUT_FILE_0}\"\n";
			showEnvVarsInLog = 0;
		};
		ACB500E1D06694E837F24811 /* [CP] Check Pods Manifest.lock */ = {
			isa = PBXShellScriptBuildPhase;
			buildActionMask = 2147483647;
			files = (
			);
			inputFileListPaths = (
			);
			inputPaths = (
				"${PODS_PODFILE_DIR_PATH}/Podfile.lock",
				"${PODS_ROOT}/Manifest.lock",
			);
			name = "[CP] Check Pods Manifest.lock";
			outputFileListPaths = (
			);
			outputPaths = (
				"$(DERIVED_FILE_DIR)/Pods-AKWeatherTests-checkManifestLockResult.txt",
			);
			runOnlyForDeploymentPostprocessing = 0;
			shellPath = /bin/sh;
			shellScript = "diff \"${PODS_PODFILE_DIR_PATH}/Podfile.lock\" \"${PODS_ROOT}/Manifest.lock\" > /dev/null\nif [ $? != 0 ] ; then\n    # print error to STDERR\n    echo \"error: The sandbox is not in sync with the Podfile.lock. Run 'pod install' or update your CocoaPods installation.\" >&2\n    exit 1\nfi\n# This output is used by Xcode 'outputs' to avoid re-running this script phase.\necho \"SUCCESS\" > \"${SCRIPT_OUTPUT_FILE_0}\"\n";
			showEnvVarsInLog = 0;
		};
		B68DCF1859EFF6BD1D2FAA23 /* [CP] Embed Pods Frameworks */ = {
			isa = PBXShellScriptBuildPhase;
			buildActionMask = 2147483647;
			files = (
			);
			inputFileListPaths = (
				"${PODS_ROOT}/Target Support Files/Pods-AKWeather-AKWeatherUITests/Pods-AKWeather-AKWeatherUITests-frameworks-${CONFIGURATION}-input-files.xcfilelist",
			);
			name = "[CP] Embed Pods Frameworks";
			outputFileListPaths = (
				"${PODS_ROOT}/Target Support Files/Pods-AKWeather-AKWeatherUITests/Pods-AKWeather-AKWeatherUITests-frameworks-${CONFIGURATION}-output-files.xcfilelist",
			);
			runOnlyForDeploymentPostprocessing = 0;
			shellPath = /bin/sh;
			shellScript = "\"${PODS_ROOT}/Target Support Files/Pods-AKWeather-AKWeatherUITests/Pods-AKWeather-AKWeatherUITests-frameworks.sh\"\n";
			showEnvVarsInLog = 0;
		};
		BAF4D59CA8DFCC68A3A3010D /* [CP] Embed Pods Frameworks */ = {
			isa = PBXShellScriptBuildPhase;
			buildActionMask = 2147483647;
			files = (
			);
			inputFileListPaths = (
				"${PODS_ROOT}/Target Support Files/Pods-AKWeather/Pods-AKWeather-frameworks-${CONFIGURATION}-input-files.xcfilelist",
			);
			name = "[CP] Embed Pods Frameworks";
			outputFileListPaths = (
				"${PODS_ROOT}/Target Support Files/Pods-AKWeather/Pods-AKWeather-frameworks-${CONFIGURATION}-output-files.xcfilelist",
			);
			runOnlyForDeploymentPostprocessing = 0;
			shellPath = /bin/sh;
			shellScript = "\"${PODS_ROOT}/Target Support Files/Pods-AKWeather/Pods-AKWeather-frameworks.sh\"\n";
			showEnvVarsInLog = 0;
		};
/* End PBXShellScriptBuildPhase section */

/* Begin PBXSourcesBuildPhase section */
		C0C87D4D2473706700B0B1DC /* Sources */ = {
			isa = PBXSourcesBuildPhase;
			buildActionMask = 2147483647;
			files = (
				C0C87D8C2473716B00B0B1DC /* HttpClient.swift in Sources */,
				C0C87DA52473718700B0B1DC /* MultipleCitiesVC.swift in Sources */,
				C05D188724755FF400C87907 /* LandingInteractor.swift in Sources */,
				C0C87D8F2473716B00B0B1DC /* MockSession.swift in Sources */,
				C0C87DAC2473718700B0B1DC /* ForecastTopCell.swift in Sources */,
				C05D188924755FF700C87907 /* LandingPresenter.swift in Sources */,
				C0C87D552473706700B0B1DC /* AppDelegate.swift in Sources */,
				C05D187E2475447E00C87907 /* MultipleCitiesInteractor.swift in Sources */,
				C0C87D8B2473716B00B0B1DC /* Reachability.swift in Sources */,
				C0C87DA32473718700B0B1DC /* MultipleCities.swift in Sources */,
				C0C87D572473706700B0B1DC /* SceneDelegate.swift in Sources */,
				C0C87DAB2473718700B0B1DC /* ForecastViewModel.swift in Sources */,
				C0C87DA72473718700B0B1DC /* ForecastInteractor.swift in Sources */,
				C0C87DA92473718700B0B1DC /* FiveDayForecastVC.swift in Sources */,
				C0C87DA42473718700B0B1DC /* MultipleCitiesWorker.swift in Sources */,
				C0C87DA22473718700B0B1DC /* LandingViewController.swift in Sources */,
				C0C87DAE2473718700B0B1DC /* WeatherForecast.swift in Sources */,
				C0C87DAF2473718700B0B1DC /* HeaderTableViewCell.swift in Sources */,
				C0C87DA62473718700B0B1DC /* WeatherTableViewCell.swift in Sources */,
				C05D188524755FEC00C87907 /* LandingViewModel.swift in Sources */,
				C0C87DA82473718700B0B1DC /* ForecastWorker.swift in Sources */,
				C0C87DAD2473718700B0B1DC /* HeaderCollectionViewCell.swift in Sources */,
				C05D18832475477200C87907 /* MultipleCitiesViewModel.swift in Sources */,
				C05D1880247544A200C87907 /* MultipleCitiesPresenter.swift in Sources */,
				C05D188C247562AC00C87907 /* String+AKW.swift in Sources */,
				C0C87DAA2473718700B0B1DC /* ForecastPresenter.swift in Sources */,
				C0C87D8E2473716B00B0B1DC /* MockURLSessionDataTask.swift in Sources */,
			);
			runOnlyForDeploymentPostprocessing = 0;
		};
		C0C87D632473706900B0B1DC /* Sources */ = {
			isa = PBXSourcesBuildPhase;
			buildActionMask = 2147483647;
			files = (
				C05F843924744F45004AC503 /* AKWeatherTests copy.swift in Sources */,
				C05D188E24759F0E00C87907 /* LandingInteractorTests.swift in Sources */,
				C0C87D6C2473706900B0B1DC /* AKCitiesTests.swift in Sources */,
			);
			runOnlyForDeploymentPostprocessing = 0;
		};
		C0C87D6E2473706900B0B1DC /* Sources */ = {
			isa = PBXSourcesBuildPhase;
			buildActionMask = 2147483647;
			files = (
				C0C87D772473706900B0B1DC /* AKWeatherUITests.swift in Sources */,
			);
			runOnlyForDeploymentPostprocessing = 0;
		};
/* End PBXSourcesBuildPhase section */

/* Begin PBXTargetDependency section */
		C0C87D692473706900B0B1DC /* PBXTargetDependency */ = {
			isa = PBXTargetDependency;
			target = C0C87D502473706700B0B1DC /* AKWeather */;
			targetProxy = C0C87D682473706900B0B1DC /* PBXContainerItemProxy */;
		};
		C0C87D742473706900B0B1DC /* PBXTargetDependency */ = {
			isa = PBXTargetDependency;
			target = C0C87D502473706700B0B1DC /* AKWeather */;
			targetProxy = C0C87D732473706900B0B1DC /* PBXContainerItemProxy */;
		};
/* End PBXTargetDependency section */

/* Begin PBXVariantGroup section */
		C0C87D5F2473706800B0B1DC /* LaunchScreen.storyboard */ = {
			isa = PBXVariantGroup;
			children = (
				C0C87D602473706800B0B1DC /* Base */,
			);
			name = LaunchScreen.storyboard;
			sourceTree = "<group>";
		};
/* End PBXVariantGroup section */

/* Begin XCBuildConfiguration section */
		C0C87D792473706900B0B1DC /* Debug */ = {
			isa = XCBuildConfiguration;
			buildSettings = {
				ALWAYS_SEARCH_USER_PATHS = NO;
				CLANG_ANALYZER_NONNULL = YES;
				CLANG_ANALYZER_NUMBER_OBJECT_CONVERSION = YES_AGGRESSIVE;
				CLANG_CXX_LANGUAGE_STANDARD = "gnu++14";
				CLANG_CXX_LIBRARY = "libc++";
				CLANG_ENABLE_MODULES = YES;
				CLANG_ENABLE_OBJC_ARC = YES;
				CLANG_ENABLE_OBJC_WEAK = YES;
				CLANG_WARN_BLOCK_CAPTURE_AUTORELEASING = YES;
				CLANG_WARN_BOOL_CONVERSION = YES;
				CLANG_WARN_COMMA = YES;
				CLANG_WARN_CONSTANT_CONVERSION = YES;
				CLANG_WARN_DEPRECATED_OBJC_IMPLEMENTATIONS = YES;
				CLANG_WARN_DIRECT_OBJC_ISA_USAGE = YES_ERROR;
				CLANG_WARN_DOCUMENTATION_COMMENTS = YES;
				CLANG_WARN_EMPTY_BODY = YES;
				CLANG_WARN_ENUM_CONVERSION = YES;
				CLANG_WARN_INFINITE_RECURSION = YES;
				CLANG_WARN_INT_CONVERSION = YES;
				CLANG_WARN_NON_LITERAL_NULL_CONVERSION = YES;
				CLANG_WARN_OBJC_IMPLICIT_RETAIN_SELF = YES;
				CLANG_WARN_OBJC_LITERAL_CONVERSION = YES;
				CLANG_WARN_OBJC_ROOT_CLASS = YES_ERROR;
				CLANG_WARN_RANGE_LOOP_ANALYSIS = YES;
				CLANG_WARN_STRICT_PROTOTYPES = YES;
				CLANG_WARN_SUSPICIOUS_MOVE = YES;
				CLANG_WARN_UNGUARDED_AVAILABILITY = YES_AGGRESSIVE;
				CLANG_WARN_UNREACHABLE_CODE = YES;
				CLANG_WARN__DUPLICATE_METHOD_MATCH = YES;
				COPY_PHASE_STRIP = NO;
				DEBUG_INFORMATION_FORMAT = dwarf;
				ENABLE_STRICT_OBJC_MSGSEND = YES;
				ENABLE_TESTABILITY = YES;
				GCC_C_LANGUAGE_STANDARD = gnu11;
				GCC_DYNAMIC_NO_PIC = NO;
				GCC_NO_COMMON_BLOCKS = YES;
				GCC_OPTIMIZATION_LEVEL = 0;
				GCC_PREPROCESSOR_DEFINITIONS = (
					"DEBUG=1",
					"$(inherited)",
				);
				GCC_WARN_64_TO_32_BIT_CONVERSION = YES;
				GCC_WARN_ABOUT_RETURN_TYPE = YES_ERROR;
				GCC_WARN_UNDECLARED_SELECTOR = YES;
				GCC_WARN_UNINITIALIZED_AUTOS = YES_AGGRESSIVE;
				GCC_WARN_UNUSED_FUNCTION = YES;
				GCC_WARN_UNUSED_VARIABLE = YES;
				IPHONEOS_DEPLOYMENT_TARGET = 13.4;
				MTL_ENABLE_DEBUG_INFO = INCLUDE_SOURCE;
				MTL_FAST_MATH = YES;
				ONLY_ACTIVE_ARCH = YES;
				SDKROOT = iphoneos;
				SWIFT_ACTIVE_COMPILATION_CONDITIONS = DEBUG;
				SWIFT_OPTIMIZATION_LEVEL = "-Onone";
			};
			name = Debug;
		};
		C0C87D7A2473706900B0B1DC /* Release */ = {
			isa = XCBuildConfiguration;
			buildSettings = {
				ALWAYS_SEARCH_USER_PATHS = NO;
				CLANG_ANALYZER_NONNULL = YES;
				CLANG_ANALYZER_NUMBER_OBJECT_CONVERSION = YES_AGGRESSIVE;
				CLANG_CXX_LANGUAGE_STANDARD = "gnu++14";
				CLANG_CXX_LIBRARY = "libc++";
				CLANG_ENABLE_MODULES = YES;
				CLANG_ENABLE_OBJC_ARC = YES;
				CLANG_ENABLE_OBJC_WEAK = YES;
				CLANG_WARN_BLOCK_CAPTURE_AUTORELEASING = YES;
				CLANG_WARN_BOOL_CONVERSION = YES;
				CLANG_WARN_COMMA = YES;
				CLANG_WARN_CONSTANT_CONVERSION = YES;
				CLANG_WARN_DEPRECATED_OBJC_IMPLEMENTATIONS = YES;
				CLANG_WARN_DIRECT_OBJC_ISA_USAGE = YES_ERROR;
				CLANG_WARN_DOCUMENTATION_COMMENTS = YES;
				CLANG_WARN_EMPTY_BODY = YES;
				CLANG_WARN_ENUM_CONVERSION = YES;
				CLANG_WARN_INFINITE_RECURSION = YES;
				CLANG_WARN_INT_CONVERSION = YES;
				CLANG_WARN_NON_LITERAL_NULL_CONVERSION = YES;
				CLANG_WARN_OBJC_IMPLICIT_RETAIN_SELF = YES;
				CLANG_WARN_OBJC_LITERAL_CONVERSION = YES;
				CLANG_WARN_OBJC_ROOT_CLASS = YES_ERROR;
				CLANG_WARN_RANGE_LOOP_ANALYSIS = YES;
				CLANG_WARN_STRICT_PROTOTYPES = YES;
				CLANG_WARN_SUSPICIOUS_MOVE = YES;
				CLANG_WARN_UNGUARDED_AVAILABILITY = YES_AGGRESSIVE;
				CLANG_WARN_UNREACHABLE_CODE = YES;
				CLANG_WARN__DUPLICATE_METHOD_MATCH = YES;
				COPY_PHASE_STRIP = NO;
				DEBUG_INFORMATION_FORMAT = "dwarf-with-dsym";
				ENABLE_NS_ASSERTIONS = NO;
				ENABLE_STRICT_OBJC_MSGSEND = YES;
				GCC_C_LANGUAGE_STANDARD = gnu11;
				GCC_NO_COMMON_BLOCKS = YES;
				GCC_WARN_64_TO_32_BIT_CONVERSION = YES;
				GCC_WARN_ABOUT_RETURN_TYPE = YES_ERROR;
				GCC_WARN_UNDECLARED_SELECTOR = YES;
				GCC_WARN_UNINITIALIZED_AUTOS = YES_AGGRESSIVE;
				GCC_WARN_UNUSED_FUNCTION = YES;
				GCC_WARN_UNUSED_VARIABLE = YES;
				IPHONEOS_DEPLOYMENT_TARGET = 13.4;
				MTL_ENABLE_DEBUG_INFO = NO;
				MTL_FAST_MATH = YES;
				SDKROOT = iphoneos;
				SWIFT_COMPILATION_MODE = wholemodule;
				SWIFT_OPTIMIZATION_LEVEL = "-O";
				VALIDATE_PRODUCT = YES;
			};
			name = Release;
		};
		C0C87D7C2473706900B0B1DC /* Debug */ = {
			isa = XCBuildConfiguration;
			baseConfigurationReference = 17DD8707866C4F436286F058 /* Pods-AKWeather.debug.xcconfig */;
			buildSettings = {
				ASSETCATALOG_COMPILER_APPICON_NAME = AppIcon;
				CODE_SIGN_ENTITLEMENTS = "";
				CODE_SIGN_STYLE = Automatic;
				DEVELOPMENT_TEAM = 67JMC9BMCU;
				INFOPLIST_FILE = AKWeather/Info.plist;
				LD_RUNPATH_SEARCH_PATHS = (
					"$(inherited)",
					"@executable_path/Frameworks",
				);
				PRODUCT_BUNDLE_IDENTIFIER = xyz.AKWeather;
				PRODUCT_NAME = "$(TARGET_NAME)";
				SWIFT_VERSION = 5.0;
				TARGETED_DEVICE_FAMILY = "1,2";
			};
			name = Debug;
		};
		C0C87D7D2473706900B0B1DC /* Release */ = {
			isa = XCBuildConfiguration;
			baseConfigurationReference = B5E7EEAD1C1358BE11D13385 /* Pods-AKWeather.release.xcconfig */;
			buildSettings = {
				ASSETCATALOG_COMPILER_APPICON_NAME = AppIcon;
				CODE_SIGN_ENTITLEMENTS = "";
				CODE_SIGN_STYLE = Automatic;
				DEVELOPMENT_TEAM = 67JMC9BMCU;
				INFOPLIST_FILE = AKWeather/Info.plist;
				LD_RUNPATH_SEARCH_PATHS = (
					"$(inherited)",
					"@executable_path/Frameworks",
				);
				PRODUCT_BUNDLE_IDENTIFIER = xyz.AKWeather;
				PRODUCT_NAME = "$(TARGET_NAME)";
				SWIFT_VERSION = 5.0;
				TARGETED_DEVICE_FAMILY = "1,2";
			};
			name = Release;
		};
		C0C87D7F2473706900B0B1DC /* Debug */ = {
			isa = XCBuildConfiguration;
			baseConfigurationReference = BAD303D846BAEBACC45E42BF /* Pods-AKWeatherTests.debug.xcconfig */;
			buildSettings = {
				ALWAYS_EMBED_SWIFT_STANDARD_LIBRARIES = YES;
				BUNDLE_LOADER = "$(TEST_HOST)";
				CODE_SIGN_STYLE = Automatic;
				INFOPLIST_FILE = AKWeatherTests/Info.plist;
				IPHONEOS_DEPLOYMENT_TARGET = 13.4;
				LD_RUNPATH_SEARCH_PATHS = (
					"$(inherited)",
					"@executable_path/Frameworks",
					"@loader_path/Frameworks",
				);
				PRODUCT_BUNDLE_IDENTIFIER = xyz.AKWeatherTests;
				PRODUCT_NAME = "$(TARGET_NAME)";
				SWIFT_VERSION = 5.0;
				TARGETED_DEVICE_FAMILY = "1,2";
				TEST_HOST = "$(BUILT_PRODUCTS_DIR)/AKWeather.app/AKWeather";
			};
			name = Debug;
		};
		C0C87D802473706900B0B1DC /* Release */ = {
			isa = XCBuildConfiguration;
			baseConfigurationReference = 7019B7E7FB8F66BDCCB05F0D /* Pods-AKWeatherTests.release.xcconfig */;
			buildSettings = {
				ALWAYS_EMBED_SWIFT_STANDARD_LIBRARIES = YES;
				BUNDLE_LOADER = "$(TEST_HOST)";
				CODE_SIGN_STYLE = Automatic;
				INFOPLIST_FILE = AKWeatherTests/Info.plist;
				IPHONEOS_DEPLOYMENT_TARGET = 13.4;
				LD_RUNPATH_SEARCH_PATHS = (
					"$(inherited)",
					"@executable_path/Frameworks",
					"@loader_path/Frameworks",
				);
				PRODUCT_BUNDLE_IDENTIFIER = xyz.AKWeatherTests;
				PRODUCT_NAME = "$(TARGET_NAME)";
				SWIFT_VERSION = 5.0;
				TARGETED_DEVICE_FAMILY = "1,2";
				TEST_HOST = "$(BUILT_PRODUCTS_DIR)/AKWeather.app/AKWeather";
			};
			name = Release;
		};
		C0C87D822473706900B0B1DC /* Debug */ = {
			isa = XCBuildConfiguration;
			baseConfigurationReference = 6F6E40FB527546D6498E7A39 /* Pods-AKWeather-AKWeatherUITests.debug.xcconfig */;
			buildSettings = {
				ALWAYS_EMBED_SWIFT_STANDARD_LIBRARIES = YES;
				CODE_SIGN_STYLE = Automatic;
				INFOPLIST_FILE = AKWeatherUITests/Info.plist;
				LD_RUNPATH_SEARCH_PATHS = (
					"$(inherited)",
					"@executable_path/Frameworks",
					"@loader_path/Frameworks",
				);
				PRODUCT_BUNDLE_IDENTIFIER = xyz.AKWeatherUITests;
				PRODUCT_NAME = "$(TARGET_NAME)";
				SWIFT_VERSION = 5.0;
				TARGETED_DEVICE_FAMILY = "1,2";
				TEST_TARGET_NAME = AKWeather;
			};
			name = Debug;
		};
		C0C87D832473706900B0B1DC /* Release */ = {
			isa = XCBuildConfiguration;
			baseConfigurationReference = 0B239905349654AD8F63C0D0 /* Pods-AKWeather-AKWeatherUITests.release.xcconfig */;
			buildSettings = {
				ALWAYS_EMBED_SWIFT_STANDARD_LIBRARIES = YES;
				CODE_SIGN_STYLE = Automatic;
				INFOPLIST_FILE = AKWeatherUITests/Info.plist;
				LD_RUNPATH_SEARCH_PATHS = (
					"$(inherited)",
					"@executable_path/Frameworks",
					"@loader_path/Frameworks",
				);
				PRODUCT_BUNDLE_IDENTIFIER = xyz.AKWeatherUITests;
				PRODUCT_NAME = "$(TARGET_NAME)";
				SWIFT_VERSION = 5.0;
				TARGETED_DEVICE_FAMILY = "1,2";
				TEST_TARGET_NAME = AKWeather;
			};
			name = Release;
		};
/* End XCBuildConfiguration section */

/* Begin XCConfigurationList section */
		C0C87D4C2473706700B0B1DC /* Build configuration list for PBXProject "AKWeather" */ = {
			isa = XCConfigurationList;
			buildConfigurations = (
				C0C87D792473706900B0B1DC /* Debug */,
				C0C87D7A2473706900B0B1DC /* Release */,
			);
			defaultConfigurationIsVisible = 0;
			defaultConfigurationName = Release;
		};
		C0C87D7B2473706900B0B1DC /* Build configuration list for PBXNativeTarget "AKWeather" */ = {
			isa = XCConfigurationList;
			buildConfigurations = (
				C0C87D7C2473706900B0B1DC /* Debug */,
				C0C87D7D2473706900B0B1DC /* Release */,
			);
			defaultConfigurationIsVisible = 0;
			defaultConfigurationName = Release;
		};
		C0C87D7E2473706900B0B1DC /* Build configuration list for PBXNativeTarget "AKWeatherTests" */ = {
			isa = XCConfigurationList;
			buildConfigurations = (
				C0C87D7F2473706900B0B1DC /* Debug */,
				C0C87D802473706900B0B1DC /* Release */,
			);
			defaultConfigurationIsVisible = 0;
			defaultConfigurationName = Release;
		};
		C0C87D812473706900B0B1DC /* Build configuration list for PBXNativeTarget "AKWeatherUITests" */ = {
			isa = XCConfigurationList;
			buildConfigurations = (
				C0C87D822473706900B0B1DC /* Debug */,
				C0C87D832473706900B0B1DC /* Release */,
			);
			defaultConfigurationIsVisible = 0;
			defaultConfigurationName = Release;
		};
/* End XCConfigurationList section */
	};
	rootObject = C0C87D492473706700B0B1DC /* Project object */;
}
